
Microsoft Visual Studio Solution File, Format Version 12.00
# Visual Studio Version 17
VisualStudioVersion = 17.1.32421.90
MinimumVisualStudioVersion = 10.0.40219.1
Project("{FAE04EC0-301F-11D3-BF4B-00C04F79EFBC}") = "kørselsfradrag", "kørselsfradrag\kørselsfradrag.csproj", "{804A6DFC-7AD9-4BB7-85E9-309B5C160849}"
EndProject
Global
	GlobalSection(SolutionConfigurationPlatforms) = preSolution
		Debug|Any CPU = Debug|Any CPU
		Release|Any CPU = Release|Any CPU
	EndGlobalSection
	GlobalSection(ProjectConfigurationPlatforms) = postSolution
		{804A6DFC-7AD9-4BB7-85E9-309B5C160849}.Debug|Any CPU.ActiveCfg = Debug|Any CPU
		{804A6DFC-7AD9-4BB7-85E9-309B5C160849}.Debug|Any CPU.Build.0 = Debug|Any CPU
		{804A6DFC-7AD9-4BB7-85E9-309B5C160849}.Release|Any CPU.ActiveCfg = Release|Any CPU
		{804A6DFC-7AD9-4BB7-85E9-309B5C160849}.Release|Any CPU.Build.0 = Release|Any CPU
	EndGlobalSection
	GlobalSection(SolutionProperties) = preSolution
		HideSolutionNode = FALSE
	EndGlobalSection
	GlobalSection(ExtensibilityGlobals) = postSolution
		SolutionGuid = {E96001F4-93BE-4FE6-BAA6-6F36B0F964E5}
	EndGlobalSection
EndGlobal
